#MicroXplorer Configuration settings - do not modify
Dma.LPUART1_RX.0.Direction=DMA_PERIPH_TO_MEMORY
Dma.LPUART1_RX.0.EventEnable=DISABLE
Dma.LPUART1_RX.0.Instance=DMA1_Channel1
Dma.LPUART1_RX.0.MemDataAlignment=DMA_MDATAALIGN_BYTE
Dma.LPUART1_RX.0.MemInc=DMA_MINC_ENABLE
Dma.LPUART1_RX.0.Mode=DMA_CIRCULAR
Dma.LPUART1_RX.0.PeriphDataAlignment=DMA_PDATAALIGN_BYTE
Dma.LPUART1_RX.0.PeriphInc=DMA_PINC_DISABLE
Dma.LPUART1_RX.0.Polarity=HAL_DMAMUX_REQ_GEN_RISING
Dma.LPUART1_RX.0.Priority=DMA_PRIORITY_LOW
Dma.LPUART1_RX.0.RequestNumber=1
Dma.LPUART1_RX.0.RequestParameters=Instance,Direction,PeriphInc,MemInc,PeriphDataAlignment,MemDataAlignment,Mode,Priority,SignalID,Polarity,RequestNumber,SyncSignalID,SyncPolarity,SyncEnable,EventEnable,SyncRequestNumber
Dma.LPUART1_RX.0.SignalID=NONE
Dma.LPUART1_RX.0.SyncEnable=DISABLE
Dma.LPUART1_RX.0.SyncPolarity=HAL_DMAMUX_SYNC_NO_EVENT
Dma.LPUART1_RX.0.SyncRequestNumber=1
Dma.LPUART1_RX.0.SyncSignalID=NONE
Dma.Request0=LPUART1_RX
Dma.RequestsNb=1
File.Version=6
GPIO.groupedBy=Group By Peripherals
I2C1.IPParameters=Timing
I2C1.Timing=0x00707CBB
KeepUserPlacement=false
LPUART1.BaudRate=9600
LPUART1.IPParameters=BaudRate
Mcu.Family=STM32WB
Mcu.IP0=DMA
Mcu.IP1=HSEM
Mcu.IP10=SYS
Mcu.IP11=TIM16
Mcu.IP12=TINY_LPM
Mcu.IP13=USART1
Mcu.IP2=I2C1
Mcu.IP3=LPUART1
Mcu.IP4=NVIC
Mcu.IP5=RCC
Mcu.IP6=RF
Mcu.IP7=RTC
Mcu.IP8=SEQUENCER
Mcu.IP9=STM32_WPAN
Mcu.IPNb=14
Mcu.Name=STM32WB55CGUx
Mcu.Package=UFQFPN48
Mcu.Pin0=PC14-OSC32_IN
Mcu.Pin1=PC15-OSC32_OUT
Mcu.Pin10=PA6
Mcu.Pin11=RF1
Mcu.Pin12=OSC_OUT
Mcu.Pin13=OSC_IN
Mcu.Pin14=PE4
Mcu.Pin15=PA13
Mcu.Pin16=PA14
Mcu.Pin17=PA15
Mcu.Pin18=PB3
Mcu.Pin19=PB4
Mcu.Pin2=PB8
Mcu.Pin20=PB5
Mcu.Pin21=PB6
Mcu.Pin22=PB7
Mcu.Pin23=VP_HSEM_VS_HSEM
Mcu.Pin24=VP_RTC_VS_RTC_Activate
Mcu.Pin25=VP_RTC_VS_RTC_Calendar
Mcu.Pin26=VP_RTC_VS_RTC_Alarm_A_Intern
Mcu.Pin27=VP_SEQUENCER_VS_SEQUENCER
Mcu.Pin28=VP_STM32_WPAN_VS_BLE_HOST
Mcu.Pin29=VP_SYS_VS_Systick
Mcu.Pin3=PB9
Mcu.Pin30=VP_TIM16_VS_ClockSourceINT
Mcu.Pin31=VP_TINY_LPM_VS_TINY_LPM
Mcu.Pin4=PA0
Mcu.Pin5=PA1
Mcu.Pin6=PA2
Mcu.Pin7=PA3
Mcu.Pin8=PA4
Mcu.Pin9=PA5
Mcu.PinsNb=32
Mcu.ThirdPartyNb=0
Mcu.UserConstants=
Mcu.UserName=STM32WB55CGUx
MxCube.Version=6.0.1
MxDb.Version=DB.6.0.0
NVIC.BusFault_IRQn=true\:0\:0\:false\:false\:true\:false\:false
NVIC.DMA1_Channel1_IRQn=true\:0\:0\:false\:false\:true\:false\:true
NVIC.DebugMonitor_IRQn=true\:0\:0\:false\:false\:true\:false\:false
NVIC.EXTI0_IRQn=true\:0\:0\:false\:false\:true\:true\:true
NVIC.EXTI3_IRQn=true\:0\:0\:false\:false\:true\:true\:true
NVIC.EXTI9_5_IRQn=true\:0\:0\:false\:false\:true\:true\:true
NVIC.ForceEnableDMAVector=true
NVIC.HSEM_IRQn=true\:0\:0\:false\:false\:true\:false\:true
NVIC.HardFault_IRQn=true\:0\:0\:false\:false\:true\:false\:false
NVIC.LPUART1_IRQn=true\:0\:0\:false\:false\:true\:true\:true
NVIC.MemoryManagement_IRQn=true\:0\:0\:false\:false\:true\:false\:false
NVIC.NonMaskableInt_IRQn=true\:0\:0\:false\:false\:true\:false\:false
NVIC.PendSV_IRQn=true\:0\:0\:false\:false\:true\:false\:false
NVIC.PriorityGroup=NVIC_PRIORITYGROUP_4
NVIC.RTC_Alarm_IRQn=true\:0\:0\:false\:false\:true\:true\:true
NVIC.SVCall_IRQn=true\:0\:0\:false\:false\:true\:false\:false
NVIC.SysTick_IRQn=true\:0\:0\:false\:false\:true\:false\:true
NVIC.TIM1_UP_TIM16_IRQn=true\:0\:0\:false\:false\:true\:true\:true
NVIC.USART1_IRQn=true\:0\:0\:false\:false\:true\:true\:true
NVIC.UsageFault_IRQn=true\:0\:0\:false\:false\:true\:false\:false
OSC_IN.Mode=HSE-External-Oscillator
OSC_IN.Signal=RCC_OSC_IN
OSC_OUT.Mode=HSE-External-Oscillator
OSC_OUT.Signal=RCC_OSC_OUT
PA0.GPIOParameters=GPIO_PuPd,GPIO_Label,GPIO_ModeDefaultEXTI
PA0.GPIO_Label=WK_ACL
PA0.GPIO_ModeDefaultEXTI=GPIO_MODE_IT_RISING
PA0.GPIO_PuPd=GPIO_PULLDOWN
PA0.Locked=true
PA0.Signal=GPXTI0
PA1.GPIOParameters=GPIO_Label
PA1.GPIO_Label=EEPROM_EN
PA1.Locked=true
PA1.Signal=GPIO_Output
PA13.Mode=Serial_Wire
PA13.Signal=SYS_JTMS-SWDIO
PA14.Mode=Serial_Wire
PA14.Signal=SYS_JTCK-SWCLK
PA15.GPIOParameters=GPIO_Label
PA15.GPIO_Label=RAK_EN
PA15.Locked=true
PA15.Signal=GPIO_Output
PA2.Mode=Asynchronous
PA2.Signal=LPUART1_TX
PA3.Mode=Asynchronous
PA3.Signal=LPUART1_RX
PA4.GPIOParameters=GPIO_Label
PA4.GPIO_Label=GPS_EN
PA4.Locked=true
PA4.Signal=GPIO_Output
PA5.GPIOParameters=GPIO_Label
PA5.GPIO_Label=SW_DIS
PA5.Locked=true
PA5.Signal=GPXTI5
PA6.GPIOParameters=GPIO_Label
PA6.GPIO_Label=DISTANCE_EN
PA6.Locked=true
PA6.Signal=GPIO_Output
PB3.GPIOParameters=GPIO_PuPd,GPIO_Label,GPIO_ModeDefaultEXTI
PB3.GPIO_Label=PWM_CABLE
PB3.GPIO_ModeDefaultEXTI=GPIO_MODE_IT_RISING_FALLING
PB3.GPIO_PuPd=GPIO_PULLDOWN
PB3.Locked=true
PB3.Signal=GPXTI3
PB4.GPIOParameters=PinState,GPIO_Label
PB4.GPIO_Label=TRIGGER_CABLE
PB4.Locked=true
PB4.PinState=GPIO_PIN_SET
PB4.Signal=GPIO_Output
PB5.GPIOParameters=GPIO_Label
PB5.GPIO_Label=D2
PB5.Locked=true
PB5.Signal=GPIO_Output
PB6.GPIOParameters=GPIO_PuPd
PB6.GPIO_PuPd=GPIO_PULLUP
PB6.Locked=true
PB6.Mode=Asynchronous
PB6.Signal=USART1_TX
PB7.GPIOParameters=GPIO_PuPd
PB7.GPIO_PuPd=GPIO_PULLUP
PB7.Locked=true
PB7.Mode=Asynchronous
PB7.Signal=USART1_RX
PB8.Mode=I2C
PB8.Signal=I2C1_SCL
PB9.Mode=I2C
PB9.Signal=I2C1_SDA
PC14-OSC32_IN.Mode=LSE-External-Oscillator
PC14-OSC32_IN.Signal=RCC_OSC32_IN
PC15-OSC32_OUT.Mode=LSE-External-Oscillator
PC15-OSC32_OUT.Signal=RCC_OSC32_OUT
PCC.Ble.ConnectionInterval=1000.0
PCC.Ble.DataLength=6
PCC.Ble.Mode=NOT_SELECTED
PCC.Ble.PowerLevel=Min
PE4.GPIOParameters=GPIO_Label
PE4.GPIO_Label=D3
PE4.Locked=true
PE4.Signal=GPIO_Output
PinOutPanel.RotationAngle=0
ProjectManager.AskForMigrate=true
ProjectManager.BackupPrevious=false
ProjectManager.CompilerOptimize=6
ProjectManager.ComputerToolchain=false
ProjectManager.CoupleFile=true
ProjectManager.CustomerFirmwarePackage=
ProjectManager.DefaultFWLocation=true
ProjectManager.DeletePrevious=true
ProjectManager.DeviceId=STM32WB55CGUx
ProjectManager.FirmwarePackage=STM32Cube FW_WB V1.8.0
ProjectManager.FreePins=false
ProjectManager.HalAssertFull=false
ProjectManager.HeapSize=0x200
ProjectManager.KeepUserCode=true
ProjectManager.LastFirmware=true
ProjectManager.LibraryCopy=1
ProjectManager.MainLocation=Src
ProjectManager.NoMain=false
ProjectManager.PreviousToolchain=STM32CubeIDE
ProjectManager.ProjectBuild=false
ProjectManager.ProjectFileName=FWTrashSensor.ioc
ProjectManager.ProjectName=FWTrashSensor
ProjectManager.RegisterCallBack=
ProjectManager.StackSize=0x400
ProjectManager.TargetToolchain=STM32CubeIDE
ProjectManager.TemplateDestinationPath=/home/thuantm/Downloads/Documents/NUCLEO_WB55/WB55_Workshop/HandsOns/HandsOn_2
ProjectManager.TemplateSourcePath=/home/thuantm/Downloads/Documents/NUCLEO_WB55/WB55_Workshop/HandsOns/Templates
ProjectManager.TemplatesList=/Inc/bluetooth_logo_h.ftl,/Inc/fonts_h.ftl,/Inc/hal_lcd_h.ftl,/Inc/ssd1306_h.ftl,/Src/bluetooth_logo_c.ftl,/Src/fonts_c.ftl,/Src/hal_lcd_c.ftl,/Src/ssd1306_c.ftl,
ProjectManager.ToolChainLocation=
ProjectManager.UnderRoot=true
ProjectManager.UseDefaultDestinationPath=true
ProjectManager.UseDefaultSourcePath=true
ProjectManager.functionlistsort=1-MX_GPIO_Init-GPIO-false-HAL-true,2-MX_DMA_Init-DMA-false-HAL-true,3-SystemClock_Config-RCC-false-HAL-true,4-MX_USART1_UART_Init-USART1-false-HAL-true,5-MX_RF_Init-RF-false-HAL-true,6-MX_RTC_Init-RTC-false-HAL-true,7-APPE_Init-STM32_WPAN-false-HAL-false,8-MX_I2C1_Init-I2C1-false-HAL-true,9-MX_LPUART1_UART_Init-LPUART1-false-HAL-true,10-MX_TIM16_Init-TIM16-false-HAL-true,0-MX_HSEM_Init-HSEM-false-HAL-true
RCC.ADCFreq_Value=128000000
RCC.AHBFreq_Value=32000000
RCC.APB1Freq_Value=32000000
RCC.APB1TimFreq_Value=32000000
RCC.APB2Freq_Value=32000000
RCC.APB2TimFreq_Value=32000000
RCC.APB3Freq_Value=16000000
RCC.Cortex2Freq_Value=32000000
RCC.CortexFreq_Value=32000000
RCC.FCLKCortexFreq_Value=32000000
RCC.FLatency=FLASH_LATENCY_1
RCC.FamilyName=M
RCC.HCLK3Freq_Value=32000000
RCC.HCLKFreq_Value=32000000
RCC.HCLKRFFreq_Value=16000000
RCC.HSE_VALUE=32000000
RCC.HSI48_VALUE=48000000
RCC.HSI_VALUE=16000000
RCC.I2C1Freq_Value=32000000
RCC.I2C3Freq_Value=32000000
RCC.IPParameters=ADCFreq_Value,AHBFreq_Value,APB1Freq_Value,APB1TimFreq_Value,APB2Freq_Value,APB2TimFreq_Value,APB3Freq_Value,Cortex2Freq_Value,CortexFreq_Value,FCLKCortexFreq_Value,FLatency,FamilyName,HCLK3Freq_Value,HCLKFreq_Value,HCLKRFFreq_Value,HSE_VALUE,HSI48_VALUE,HSI_VALUE,I2C1Freq_Value,I2C3Freq_Value,LCDFreq_Value,LPTIM1Freq_Value,LPTIM2Freq_Value,LPUART1CLockSelection,LPUART1Freq_Value,LSCOPinFreq_Value,LSI_VALUE,MCO1PinFreq_Value,MSIClockRange,PLLPoutputFreq_Value,PLLQoutputFreq_Value,PLLRCLKFreq_Value,PLLSAI1PoutputFreq_Value,PLLSAI1QoutputFreq_Value,PLLSAI1RoutputFreq_Value,PLLSourceVirtual,PWRFreq_Value,RFWKPClockSelection,RFWKPFreq_Value,RNGFreq_Value,RTCClockSelection,RTCFreq_Value,SAI1Freq_Value,SMPS1Freq_Value,SMPSFreq_Value,SYSCLKFreq_VALUE,SYSCLKSource,USART1Freq_Value,USBFreq_Value,VCOInputFreq_Value,VCOOutputFreq_Value,VCOSAI1OutputFreq_Value
RCC.LCDFreq_Value=32768
RCC.LPTIM1Freq_Value=32000000
RCC.LPTIM2Freq_Value=32000000
RCC.LPUART1CLockSelection=RCC_LPUART1CLKSOURCE_LSE
RCC.LPUART1Freq_Value=32768
RCC.LSCOPinFreq_Value=32000
RCC.LSI_VALUE=32000
RCC.MCO1PinFreq_Value=32000000
RCC.MSIClockRange=RCC_MSIRANGE_10
RCC.PLLPoutputFreq_Value=128000000
RCC.PLLQoutputFreq_Value=128000000
RCC.PLLRCLKFreq_Value=128000000
RCC.PLLSAI1PoutputFreq_Value=128000000
RCC.PLLSAI1QoutputFreq_Value=128000000
RCC.PLLSAI1RoutputFreq_Value=128000000
RCC.PLLSourceVirtual=RCC_PLLSOURCE_HSE
RCC.PWRFreq_Value=32000000
RCC.RFWKPClockSelection=RCC_RFWKPCLKSOURCE_LSE
RCC.RFWKPFreq_Value=32768
RCC.RNGFreq_Value=32000
RCC.RTCClockSelection=RCC_RTCCLKSOURCE_LSE
RCC.RTCFreq_Value=32768
RCC.SAI1Freq_Value=128000000
RCC.SMPS1Freq_Value=8000000
RCC.SMPSFreq_Value=4000000
RCC.SYSCLKFreq_VALUE=32000000
RCC.SYSCLKSource=RCC_SYSCLKSOURCE_HSE
RCC.USART1Freq_Value=32000000
RCC.USBFreq_Value=128000000
RCC.VCOInputFreq_Value=32000000
RCC.VCOOutputFreq_Value=256000000
RCC.VCOSAI1OutputFreq_Value=256000000
RF1.Mode=RF1_Activate
RF1.Signal=RF_RF1
RTC.Alarm-Alarm\ A=RTC_ALARM_A
RTC.AlarmMaskHours-Alarm\ A=
RTC.AsynchPrediv=CFG_RTC_ASYNCH_PRESCALER
RTC.Format=RTC_FORMAT_BIN
RTC.HourFormat=RTC_HOURFORMAT_24
RTC.IPParameters=HourFormat,AsynchPrediv,SynchPrediv,Alarm-Alarm A,Format,Minutes_A-Alarm A,AlarmMaskHours-Alarm A
RTC.Minutes_A-Alarm\ A=2
RTC.SynchPrediv=CFG_RTC_SYNCH_PRESCALER
SH.GPXTI0.0=GPIO_EXTI0
SH.GPXTI0.ConfNb=1
SH.GPXTI3.0=GPIO_EXTI3
SH.GPXTI3.ConfNb=1
SH.GPXTI5.0=GPIO_EXTI5
SH.GPXTI5.ConfNb=1
STM32_WPAN.IPParameters=LOCAL_NAME,LOCAL_NAME_FORMATTED
STM32_WPAN.LOCAL_NAME=NODE-07
STM32_WPAN.LOCAL_NAME_FORMATTED=,'N','O','D','E','-','0','7'
TIM16.IPParameters=Prescaler,Period
TIM16.Period=65536 -1
TIM16.Prescaler=32 - 1
USART1.AutoBaudRateEnableParam=UART_ADVFEATURE_AUTOBAUDRATE_DISABLE
USART1.BaudRate=9600
USART1.ClockPrescaler=PRESCALER_DIV1
USART1.DMADisableonRxErrorParam=ADVFEATURE_DMA_ENABLEONRXERROR
USART1.DataInvertParam=ADVFEATURE_DATAINV_DISABLE
USART1.FIFOMode=FIFOMODE_DISABLE
USART1.IPParameters=BaudRate,WordLength,Parity,StopBits,Mode,OverSampling,OneBitSampling,ClockPrescaler,FIFOMode,TXFIFOThreshold,RXFIFOThreshold,AutoBaudRateEnableParam,TxPinLevelInvertParam,RxPinLevelInvertParam,DataInvertParam,SwapParam,OverrunDisableParam,DMADisableonRxErrorParam,MSBFirstParam,VirtualMode-Asynchronous
USART1.MSBFirstParam=ADVFEATURE_MSBFIRST_DISABLE
USART1.Mode=MODE_TX_RX
USART1.OneBitSampling=UART_ONE_BIT_SAMPLE_DISABLE
USART1.OverSampling=UART_OVERSAMPLING_16
USART1.OverrunDisableParam=ADVFEATURE_OVERRUN_ENABLE
USART1.Parity=PARITY_NONE
USART1.RXFIFOThreshold=RXFIFO_THRESHOLD_1EIGHTHFULL
USART1.RxPinLevelInvertParam=ADVFEATURE_RXINV_DISABLE
USART1.StopBits=STOPBITS_1
USART1.SwapParam=ADVFEATURE_SWAP_DISABLE
USART1.TXFIFOThreshold=TXFIFO_THRESHOLD_1EIGHTHFULL
USART1.TxPinLevelInvertParam=ADVFEATURE_TXINV_DISABLE
USART1.VirtualMode-Asynchronous=VM_ASYNC
USART1.WordLength=WORDLENGTH_8B
VP_HSEM_VS_HSEM.Mode=HSEM_Activate
VP_HSEM_VS_HSEM.Signal=HSEM_VS_HSEM
VP_RTC_VS_RTC_Activate.Mode=RTC_Enabled
VP_RTC_VS_RTC_Activate.Signal=RTC_VS_RTC_Activate
VP_RTC_VS_RTC_Alarm_A_Intern.Mode=Alarm A
VP_RTC_VS_RTC_Alarm_A_Intern.Signal=RTC_VS_RTC_Alarm_A_Intern
VP_RTC_VS_RTC_Calendar.Mode=RTC_Calendar
VP_RTC_VS_RTC_Calendar.Signal=RTC_VS_RTC_Calendar
VP_SEQUENCER_VS_SEQUENCER.Mode=SEQUENCER_Enabled
VP_SEQUENCER_VS_SEQUENCER.Signal=SEQUENCER_VS_SEQUENCER
VP_STM32_WPAN_VS_BLE_HOST.Mode=STM32_WPAN_Enabled
VP_STM32_WPAN_VS_BLE_HOST.Signal=STM32_WPAN_VS_BLE_HOST
VP_SYS_VS_Systick.Mode=SysTick
VP_SYS_VS_Systick.Signal=SYS_VS_Systick
VP_TIM16_VS_ClockSourceINT.Mode=Enable_Timer
VP_TIM16_VS_ClockSourceINT.Signal=TIM16_VS_ClockSourceINT
VP_TINY_LPM_VS_TINY_LPM.Mode=TINY_LPM_Enabled
VP_TINY_LPM_VS_TINY_LPM.Signal=TINY_LPM_VS_TINY_LPM
board=custom
